{
  "name": "lawform",
  "version": "1.0.0",
  "lockfileVersion": 3,
  "requires": true,
  "packages": {
    "": {
      "name": "lawform",
      "version": "1.0.0",
      "dependencies": {
        "jsonrepair": "^3.13.0"
      },
      "engines": {
        "node": ">=18"
      }
    },
    "node_modules/jsonrepair": {
      "version": "3.13.2",
      "resolved": "https://registry.npmjs.org/jsonrepair/-/jsonrepair-3.13.2.tgz",
      "integrity": "sha512-Leuly0nbM4R+S5SVJk3VHfw1oxnlEK9KygdZvfUtEtTawNDyzB4qa1xWTmFt1aeoA7sXZkVTRuIixJ8bAvqVUg==",
      "license": "ISC",
      "bin": {
        "jsonrepair": "bin/cli.js"
      }
    }
  }
}
